// !$*UTF8*$!
{
	archiveVersion = 1;
	classes = {
	};
	objectVersion = 46;
	objects = {

/* Begin PBXBuildFile section */
		F18EE06919CD56F10016F43D /* main.m in Sources */ = {isa = PBXBuildFile; fileRef = F18EE06819CD56F10016F43D /* main.m */; };
		F18EE06C19CD56F10016F43D /* AppDelegate.m in Sources */ = {isa = PBXBuildFile; fileRef = F18EE06B19CD56F10016F43D /* AppDelegate.m */; };
		F18EE06F19CD56F10016F43D /* JobSquare2.xcdatamodeld in Sources */ = {isa = PBXBuildFile; fileRef = F18EE06D19CD56F10016F43D /* JobSquare2.xcdatamodeld */; };
		F18EE07219CD56F10016F43D /* ViewController.m in Sources */ = {isa = PBXBuildFile; fileRef = F18EE07119CD56F10016F43D /* ViewController.m */; };
		F18EE07519CD56F10016F43D /* Main.storyboard in Resources */ = {isa = PBXBuildFile; fileRef = F18EE07319CD56F10016F43D /* Main.storyboard */; };
		F18EE07719CD56F10016F43D /* Images.xcassets in Resources */ = {isa = PBXBuildFile; fileRef = F18EE07619CD56F10016F43D /* Images.xcassets */; };
		F18EE07A19CD56F10016F43D /* LaunchScreen.xib in Resources */ = {isa = PBXBuildFile; fileRef = F18EE07819CD56F10016F43D /* LaunchScreen.xib */; };
		F18EE08619CD56F10016F43D /* JobSquare2Tests.m in Sources */ = {isa = PBXBuildFile; fileRef = F18EE08519CD56F10016F43D /* JobSquare2Tests.m */; };
/* End PBXBuildFile section */

/* Begin PBXContainerItemProxy section */
		F18EE08019CD56F10016F43D /* PBXContainerItemProxy */ = {
			isa = PBXContainerItemProxy;
			containerPortal = F18EE05B19CD56F10016F43D /* Project object */;
			proxyType = 1;
			remoteGlobalIDString = F18EE06219CD56F10016F43D;
			remoteInfo = JobSquare2;
		};
/* End PBXContainerItemProxy section */

/* Begin PBXFileReference section */
		F18EE06319CD56F10016F43D /* JobSquare2.app */ = {isa = PBXFileReference; explicitFileType = wrapper.application; includeInIndex = 0; path = JobSquare2.app; sourceTree = BUILT_PRODUCTS_DIR; };
		F18EE06719CD56F10016F43D /* Info.plist */ = {isa = PBXFileReference; lastKnownFileType = text.plist.xml; path = Info.plist; sourceTree = "<group>"; };
		F18EE06819CD56F10016F43D /* main.m */ = {isa = PBXFileReference; lastKnownFileType = sourcecode.c.objc; path = main.m; sourceTree = "<group>"; };
		F18EE06A19CD56F10016F43D /* AppDelegate.h */ = {isa = PBXFileReference; lastKnownFileType = sourcecode.c.h; path = AppDelegate.h; sourceTree = "<group>"; };
		F18EE06B19CD56F10016F43D /* AppDelegate.m */ = {isa = PBXFileReference; lastKnownFileType = sourcecode.c.objc; path = AppDelegate.m; sourceTree = "<group>"; };
		F18EE06E19CD56F10016F43D /* JobSquare2.xcdatamodel */ = {isa = PBXFileReference; lastKnownFileType = wrapper.xcdatamodel; path = JobSquare2.xcdatamodel; sourceTree = "<group>"; };
		F18EE07019CD56F10016F43D /* ViewController.h */ = {isa = PBXFileReference; lastKnownFileType = sourcecode.c.h; path = ViewController.h; sourceTree = "<group>"; };
		F18EE07119CD56F10016F43D /* ViewController.m */ = {isa = PBXFileReference; lastKnownFileType = sourcecode.c.objc; path = ViewController.m; sourceTree = "<group>"; };
		F18EE07419CD56F10016F43D /* Base */ = {isa = PBXFileReference; lastKnownFileType = file.storyboard; name = Base; path = Base.lproj/Main.storyboard; sourceTree = "<group>"; };
		F18EE07619CD56F10016F43D /* Images.xcassets */ = {isa = PBXFileReference; lastKnownFileType = folder.assetcatalog; path = Images.xcassets; sourceTree = "<group>"; };
		F18EE07919CD56F10016F43D /* Base */ = {isa = PBXFileReference; lastKnownFileType = file.xib; name = Base; path = Base.lproj/LaunchScreen.xib; sourceTree = "<group>"; };
		F18EE07F19CD56F10016F43D /* JobSquare2Tests.xctest */ = {isa = PBXFileReference; explicitFileType = wrapper.cfbundle; includeInIndex = 0; path = JobSquare2Tests.xctest; sourceTree = BUILT_PRODUCTS_DIR; };
		F18EE08419CD56F10016F43D /* Info.plist */ = {isa = PBXFileReference; lastKnownFileType = text.plist.xml; path = Info.plist; sourceTree = "<group>"; };
		F18EE08519CD56F10016F43D /* JobSquare2Tests.m */ = {isa = PBXFileReference; lastKnownFileType = sourcecode.c.objc; path = JobSquare2Tests.m; sourceTree = "<group>"; };
/* End PBXFileReference section */

/* Begin PBXFrameworksBuildPhase section */
		F18EE06019CD56F10016F43D /* Frameworks */ = {
			isa = PBXFrameworksBuildPhase;
			buildActionMask = 2147483647;
			files = (
			);
			runOnlyForDeploymentPostprocessing = 0;
		};
		F18EE07C19CD56F10016F43D /* Frameworks */ = {
			isa = PBXFrameworksBuildPhase;
			buildActionMask = 2147483647;
			files = (
			);
			runOnlyForDeploymentPostprocessing = 0;
		};
/* End PBXFrameworksBuildPhase section */

/* Begin PBXGroup section */
		F18EE05A19CD56F10016F43D = {
			isa = PBXGroup;
			children = (
				F18EE06519CD56F10016F43D /* JobSquare2 */,
				F18EE08219CD56F10016F43D /* JobSquare2Tests */,
				F18EE06419CD56F10016F43D /* Products */,
			);
			sourceTree = "<group>";
		};
		F18EE06419CD56F10016F43D /* Products */ = {
			isa = PBXGroup;
			children = (
				F18EE06319CD56F10016F43D /* JobSquare2.app */,
				F18EE07F19CD56F10016F43D /* JobSquare2Tests.xctest */,
			);
			name = Products;
			sourceTree = "<group>";
		};
		F18EE06519CD56F10016F43D /* JobSquare2 */ = {
			isa = PBXGroup;
			children = (
				F18EE06A19CD56F10016F43D /* AppDelegate.h */,
				F18EE06B19CD56F10016F43D /* AppDelegate.m */,
				F18EE07019CD56F10016F43D /* ViewController.h */,
				F18EE07119CD56F10016F43D /* ViewController.m */,
				F18EE07319CD56F10016F43D /* Main.storyboard */,
				F18EE07619CD56F10016F43D /* Images.xcassets */,
				F18EE07819CD56F10016F43D /* LaunchScreen.xib */,
				F18EE06D19CD56F10016F43D /* JobSquare2.xcdatamodeld */,
				F18EE06619CD56F10016F43D /* Supporting Files */,
			);
			path = JobSquare2;
			sourceTree = "<group>";
		};
		F18EE06619CD56F10016F43D /* Supporting Files */ = {
			isa = PBXGroup;
			children = (
				F18EE06719CD56F10016F43D /* Info.plist */,
				F18EE06819CD56F10016F43D /* main.m */,
			);
			name = "Supporting Files";
			sourceTree = "<group>";
		};
		F18EE08219CD56F10016F43D /* JobSquare2Tests */ = {
			isa = PBXGroup;
			children = (
				F18EE08519CD56F10016F43D /* JobSquare2Tests.m */,
				F18EE08319CD56F10016F43D /* Supporting Files */,
			);
			path = JobSquare2Tests;
			sourceTree = "<group>";
		};
		F18EE08319CD56F10016F43D /* Supporting Files */ = {
			isa = PBXGroup;
			children = (
				F18EE08419CD56F10016F43D /* Info.plist */,
			);
			name = "Supporting Files";
			sourceTree = "<group>";
		};
/* End PBXGroup section */

/* Begin PBXNativeTarget section */
		F18EE06219CD56F10016F43D /* JobSquare2 */ = {
			isa = PBXNativeTarget;
			buildConfigurationList = F18EE08919CD56F10016F43D /* Build configuration list for PBXNativeTarget "JobSquare2" */;
			buildPhases = (
				F18EE05F19CD56F10016F43D /* Sources */,
				F18EE06019CD56F10016F43D /* Frameworks */,
				F18EE06119CD56F10016F43D /* Resources */,
			);
			buildRules = (
			);
			dependencies = (
			);
			name = JobSquare2;
			productName = JobSquare2;
			productReference = F18EE06319CD56F10016F43D /* JobSquare2.app */;
			productType = "com.apple.product-type.application";
		};
		F18EE07E19CD56F10016F43D /* JobSquare2Tests */ = {
			isa = PBXNativeTarget;
			buildConfigurationList = F18EE08C19CD56F10016F43D /* Build configuration list for PBXNativeTarget "JobSquare2Tests" */;
			buildPhases = (
				F18EE07B19CD56F10016F43D /* Sources */,
				F18EE07C19CD56F10016F43D /* Frameworks */,
				F18EE07D19CD56F10016F43D /* Resources */,
			);
			buildRules = (
			);
			dependencies = (
				F18EE08119CD56F10016F43D /* PBXTargetDependency */,
			);
			name = JobSquare2Tests;
			productName = JobSquare2Tests;
			productReference = F18EE07F19CD56F10016F43D /* JobSquare2Tests.xctest */;
			productType = "com.apple.product-type.bundle.unit-test";
		};
/* End PBXNativeTarget section */

/* Begin PBXProject section */
		F18EE05B19CD56F10016F43D /* Project object */ = {
			isa = PBXProject;
			attributes = {
				LastUpgradeCheck = 0600;
				ORGANIZATIONNAME = Givery;
				TargetAttributes = {
					F18EE06219CD56F10016F43D = {
						CreatedOnToolsVersion = 6.0.1;
					};
					F18EE07E19CD56F10016F43D = {
						CreatedOnToolsVersion = 6.0.1;
						TestTargetID = F18EE06219CD56F10016F43D;
					};
				};
			};
			buildConfigurationList = F18EE05E19CD56F10016F43D /* Build configuration list for PBXProject "JobSquare2" */;
			compatibilityVersion = "Xcode 3.2";
			developmentRegion = English;
			hasScannedForEncodings = 0;
			knownRegions = (
				en,
				Base,
			);
			mainGroup = F18EE05A19CD56F10016F43D;
			productRefGroup = F18EE06419CD56F10016F43D /* Products */;
			projectDirPath = "";
			projectRoot = "";
			targets = (
				F18EE06219CD56F10016F43D /* JobSquare2 */,
				F18EE07E19CD56F10016F43D /* JobSquare2Tests */,
			);
		};
/* End PBXProject section */

/* Begin PBXResourcesBuildPhase section */
		F18EE06119CD56F10016F43D /* Resources */ = {
			isa = PBXResourcesBuildPhase;
			buildActionMask = 2147483647;
			files = (
				F18EE07519CD56F10016F43D /* Main.storyboard in Resources */,
				F18EE07A19CD56F10016F43D /* LaunchScreen.xib in Resources */,
				F18EE07719CD56F10016F43D /* Images.xcassets in Resources */,
			);
			runOnlyForDeploymentPostprocessing = 0;
		};
		F18EE07D19CD56F10016F43D /* Resources */ = {
			isa = PBXResourcesBuildPhase;
			buildActionMask = 2147483647;
			files = (
			);
			runOnlyForDeploymentPostprocessing = 0;
		};
/* End PBXResourcesBuildPhase section */

/* Begin PBXSourcesBuildPhase section */
		F18EE05F19CD56F10016F43D /* Sources */ = {
			isa = PBXSourcesBuildPhase;
			buildActionMask = 2147483647;
			files = (
				F18EE06F19CD56F10016F43D /* JobSquare2.xcdatamodeld in Sources */,
				F18EE06C19CD56F10016F43D /* AppDelegate.m in Sources */,
				F18EE07219CD56F10016F43D /* ViewController.m in Sources */,
				F18EE06919CD56F10016F43D /* main.m in Sources */,
			);
			runOnlyForDeploymentPostprocessing = 0;
		};
		F18EE07B19CD56F10016F43D /* Sources */ = {
			isa = PBXSourcesBuildPhase;
			buildActionMask = 2147483647;
			files = (
				F18EE08619CD56F10016F43D /* JobSquare2Tests.m in Sources */,
			);
			runOnlyForDeploymentPostprocessing = 0;
		};
/* End PBXSourcesBuildPhase section */

/* Begin PBXTargetDependency section */
		F18EE08119CD56F10016F43D /* PBXTargetDependency */ = {
			isa = PBXTargetDependency;
			target = F18EE06219CD56F10016F43D /* JobSquare2 */;
			targetProxy = F18EE08019CD56F10016F43D /* PBXContainerItemProxy */;
		};
/* End PBXTargetDependency section */

/* Begin PBXVariantGroup section */
		F18EE07319CD56F10016F43D /* Main.storyboard */ = {
			isa = PBXVariantGroup;
			children = (
				F18EE07419CD56F10016F43D /* Base */,
			);
			name = Main.storyboard;
			sourceTree = "<group>";
		};
		F18EE07819CD56F10016F43D /* LaunchScreen.xib */ = {
			isa = PBXVariantGroup;
			children = (
				F18EE07919CD56F10016F43D /* Base */,
			);
			name = LaunchScreen.xib;
			sourceTree = "<group>";
		};
/* End PBXVariantGroup section */

/* Begin XCBuildConfiguration section */
		F18EE08719CD56F10016F43D /* Debug */ = {
			isa = XCBuildConfiguration;
			buildSettings = {
				ALWAYS_SEARCH_USER_PATHS = NO;
				CLANG_CXX_LANGUAGE_STANDARD = "gnu++0x";
				CLANG_CXX_LIBRARY = "libc++";
				CLANG_ENABLE_MODULES = YES;
				CLANG_ENABLE_OBJC_ARC = YES;
				CLANG_WARN_BOOL_CONVERSION = YES;
				CLANG_WARN_CONSTANT_CONVERSION = YES;
				CLANG_WARN_DIRECT_OBJC_ISA_USAGE = YES_ERROR;
				CLANG_WARN_EMPTY_BODY = YES;
				CLANG_WARN_ENUM_CONVERSION = YES;
				CLANG_WARN_INT_CONVERSION = YES;
				CLANG_WARN_OBJC_ROOT_CLASS = YES_ERROR;
				CLANG_WARN_UNREACHABLE_CODE = YES;
				CLANG_WARN__DUPLICATE_METHOD_MATCH = YES;
				"CODE_SIGN_IDENTITY[sdk=iphoneos*]" = "iPhone Developer";
				COPY_PHASE_STRIP = NO;
				ENABLE_STRICT_OBJC_MSGSEND = YES;
				GCC_C_LANGUAGE_STANDARD = gnu99;
				GCC_DYNAMIC_NO_PIC = NO;
				GCC_OPTIMIZATION_LEVEL = 0;
				GCC_PREPROCESSOR_DEFINITIONS = (
					"DEBUG=1",
					"$(inherited)",
				);
				GCC_SYMBOLS_PRIVATE_EXTERN = NO;
				GCC_WARN_64_TO_32_BIT_CONVERSION = YES;
				GCC_WARN_ABOUT_RETURN_TYPE = YES_ERROR;
				GCC_WARN_UNDECLARED_SELECTOR = YES;
				GCC_WARN_UNINITIALIZED_AUTOS = YES_AGGRESSIVE;
				GCC_WARN_UNUSED_FUNCTION = YES;
				GCC_WARN_UNUSED_VARIABLE = YES;
				IPHONEOS_DEPLOYMENT_TARGET = 8.0;
				MTL_ENABLE_DEBUG_INFO = YES;
				ONLY_ACTIVE_ARCH = YES;
				SDKROOT = iphoneos;
			};
			name = Debug;
		};
		F18EE08819CD56F10016F43D /* Release */ = {
			isa = XCBuildConfiguration;
			buildSettings = {
				ALWAYS_SEARCH_USER_PATHS = NO;
				CLANG_CXX_LANGUAGE_STANDARD = "gnu++0x";
				CLANG_CXX_LIBRARY = "libc++";
				CLANG_ENABLE_MODULES = YES;
				CLANG_ENABLE_OBJC_ARC = YES;
				CLANG_WARN_BOOL_CONVERSION = YES;
				CLANG_WARN_CONSTANT_CONVERSION = YES;
				CLANG_WARN_DIRECT_OBJC_ISA_USAGE = YES_ERROR;
				CLANG_WARN_EMPTY_BODY = YES;
				CLANG_WARN_ENUM_CONVERSION = YES;
				CLANG_WARN_INT_CONVERSION = YES;
				CLANG_WARN_OBJC_ROOT_CLASS = YES_ERROR;
				CLANG_WARN_UNREACHABLE_CODE = YES;
				CLANG_WARN__DUPLICATE_METHOD_MATCH = YES;
				"CODE_SIGN_IDENTITY[sdk=iphoneos*]" = "iPhone Developer";
				COPY_PHASE_STRIP = YES;
				ENABLE_NS_ASSERTIONS = NO;
				ENABLE_STRICT_OBJC_MSGSEND = YES;
				GCC_C_LANGUAGE_STANDARD = gnu99;
				GCC_WARN_64_TO_32_BIT_CONVERSION = YES;
				GCC_WARN_ABOUT_RETURN_TYPE = YES_ERROR;
				GCC_WARN_UNDECLARED_SELECTOR = YES;
				GCC_WARN_UNINITIALIZED_AUTOS = YES_AGGRESSIVE;
				GCC_WARN_UNUSED_FUNCTION = YES;
				GCC_WARN_UNUSED_VARIABLE = YES;
				IPHONEOS_DEPLOYMENT_TARGET = 8.0;
				MTL_ENABLE_DEBUG_INFO = NO;
				SDKROOT = iphoneos;
				VALIDATE_PRODUCT = YES;
			};
			name = Release;
		};
		F18EE08A19CD56F10016F43D /* Debug */ = {
			isa = XCBuildConfiguration;
			buildSettings = {
				ASSETCATALOG_COMPILER_APPICON_NAME = AppIcon;
				INFOPLIST_FILE = JobSquare2/Info.plist;
				LD_RUNPATH_SEARCH_PATHS = "$(inherited) @executable_path/Frameworks";
				PRODUCT_NAME = "$(TARGET_NAME)";
			};
			name = Debug;
		};
		F18EE08B19CD56F10016F43D /* Release */ = {
			isa = XCBuildConfiguration;
			buildSettings = {
				ASSETCATALOG_COMPILER_APPICON_NAME = AppIcon;
				INFOPLIST_FILE = JobSquare2/Info.plist;
				LD_RUNPATH_SEARCH_PATHS = "$(inherited) @executable_path/Frameworks";
				PRODUCT_NAME = "$(TARGET_NAME)";
			};
			name = Release;
		};
		F18EE08D19CD56F10016F43D /* Debug */ = {
			isa = XCBuildConfiguration;
			buildSettings = {
				BUNDLE_LOADER = "$(TEST_HOST)";
				FRAMEWORK_SEARCH_PATHS = (
					"$(SDKROOT)/Developer/Library/Frameworks",
					"$(inherited)",
				);
				GCC_PREPROCESSOR_DEFINITIONS = (
					"DEBUG=1",
					"$(inherited)",
				);
				INFOPLIST_FILE = JobSquare2Tests/Info.plist;
				LD_RUNPATH_SEARCH_PATHS = "$(inherited) @executable_path/Frameworks @loader_path/Frameworks";
				PRODUCT_NAME = "$(TARGET_NAME)";
				TEST_HOST = "$(BUILT_PRODUCTS_DIR)/JobSquare2.app/JobSquare2";
			};
			name = Debug;
		};
		F18EE08E19CD56F10016F43D /* Release */ = {
			isa = XCBuildConfiguration;
			buildSettings = {
				BUNDLE_LOADER = "$(TEST_HOST)";
				FRAMEWORK_SEARCH_PATHS = (
					"$(SDKROOT)/Developer/Library/Frameworks",
					"$(inherited)",
				);
				INFOPLIST_FILE = JobSquare2Tests/Info.plist;
				LD_RUNPATH_SEARCH_PATHS = "$(inherited) @executable_path/Frameworks @loader_path/Frameworks";
				PRODUCT_NAME = "$(TARGET_NAME)";
				TEST_HOST = "$(BUILT_PRODUCTS_DIR)/JobSquare2.app/JobSquare2";
			};
			name = Release;
		};
/* End XCBuildConfiguration section */

/* Begin XCConfigurationList section */
		F18EE05E19CD56F10016F43D /* Build configuration list for PBXProject "JobSquare2" */ = {
			isa = XCConfigurationList;
			buildConfigurations = (
				F18EE08719CD56F10016F43D /* Debug */,
				F18EE08819CD56F10016F43D /* Release */,
			);
			defaultConfigurationIsVisible = 0;
			defaultConfigurationName = Release;
		};
		F18EE08919CD56F10016F43D /* Build configuration list for PBXNativeTarget "JobSquare2" */ = {
			isa = XCConfigurationList;
			buildConfigurations = (
				F18EE08A19CD56F10016F43D /* Debug */,
				F18EE08B19CD56F10016F43D /* Release */,
			);
			defaultConfigurationIsVisible = 0;
		};
		F18EE08C19CD56F10016F43D /* Build configuration list for PBXNativeTarget "JobSquare2Tests" */ = {
			isa = XCConfigurationList;
			buildConfigurations = (
				F18EE08D19CD56F10016F43D /* Debug */,
				F18EE08E19CD56F10016F43D /* Release */,
			);
			defaultConfigurationIsVisible = 0;
		};
/* End XCConfigurationList section */

/* Begin XCVersionGroup section */
		F18EE06D19CD56F10016F43D /* JobSquare2.xcdatamodeld */ = {
			isa = XCVersionGroup;
			children = (
				F18EE06E19CD56F10016F43D /* JobSquare2.xcdatamodel */,
			);
			currentVersion = F18EE06E19CD56F10016F43D /* JobSquare2.xcdatamodel */;
			path = JobSquare2.xcdatamodeld;
			sourceTree = "<group>";
			versionGroupType = wrapper.xcdatamodel;
		};
/* End XCVersionGroup section */
	};
	rootObject = F18EE05B19CD56F10016F43D /* Project object */;
}
