// !$*UTF8*$!
{
	archiveVersion = 1;
	classes = {
	};
	objectVersion = 46;
	objects = {

/* Begin PBXBuildFile section */
		2896E645BD5E4968A8E4BD17 /* libPods.a in Frameworks */ = {isa = PBXBuildFile; fileRef = 07D0996596214AB3972854EB /* libPods.a */; };
		360F3FC819CD9A1A006A8709 /* JobDetailViewController.m in Sources */ = {isa = PBXBuildFile; fileRef = 360F3FC419CD9A1A006A8709 /* JobDetailViewController.m */; };
		360F3FC919CD9A1A006A8709 /* JobDetailTableView.m in Sources */ = {isa = PBXBuildFile; fileRef = 360F3FC719CD9A1A006A8709 /* JobDetailTableView.m */; };
		360F3FCC19CD9A77006A8709 /* Parse.framework in Frameworks */ = {isa = PBXBuildFile; fileRef = 360F3FCA19CD9A77006A8709 /* Parse.framework */; };
		360F3FCF19CD9A9B006A8709 /* AudioToolbox.framework in Frameworks */ = {isa = PBXBuildFile; fileRef = 360F3FCE19CD9A9B006A8709 /* AudioToolbox.framework */; };
		360F3FD119CD9AA0006A8709 /* CFNetwork.framework in Frameworks */ = {isa = PBXBuildFile; fileRef = 360F3FD019CD9AA0006A8709 /* CFNetwork.framework */; };
		360F3FD319CD9AA7006A8709 /* CoreGraphics.framework in Frameworks */ = {isa = PBXBuildFile; fileRef = 360F3FD219CD9AA7006A8709 /* CoreGraphics.framework */; };
		360F3FD519CD9AB8006A8709 /* MobileCoreServices.framework in Frameworks */ = {isa = PBXBuildFile; fileRef = 360F3FD419CD9AB8006A8709 /* MobileCoreServices.framework */; };
		360F3FD719CD9AC2006A8709 /* Security.framework in Frameworks */ = {isa = PBXBuildFile; fileRef = 360F3FD619CD9AC2006A8709 /* Security.framework */; };
		360F3FD919CD9AC9006A8709 /* StoreKit.framework in Frameworks */ = {isa = PBXBuildFile; fileRef = 360F3FD819CD9AC9006A8709 /* StoreKit.framework */; };
		360F3FDB19CD9B48006A8709 /* Social.framework in Frameworks */ = {isa = PBXBuildFile; fileRef = 360F3FDA19CD9B48006A8709 /* Social.framework */; };
		360F3FDD19CD9B50006A8709 /* Accounts.framework in Frameworks */ = {isa = PBXBuildFile; fileRef = 360F3FDC19CD9B50006A8709 /* Accounts.framework */; };
		DFD1057519CE473A00634995 /* JSMyLogInViewController.m in Sources */ = {isa = PBXBuildFile; fileRef = DFD1057419CE473A00634995 /* JSMyLogInViewController.m */; };
		DFD1057819CE4AE600634995 /* JSMySignUpViewController.m in Sources */ = {isa = PBXBuildFile; fileRef = DFD1057719CE4AE600634995 /* JSMySignUpViewController.m */; };
		DFD1058919CE4F0E00634995 /* Default-568h@2x.png in Resources */ = {isa = PBXBuildFile; fileRef = DFD1057A19CE4F0E00634995 /* Default-568h@2x.png */; };
		DFD1058A19CE4F0E00634995 /* Default.png in Resources */ = {isa = PBXBuildFile; fileRef = DFD1057B19CE4F0E00634995 /* Default.png */; };
		DFD1058B19CE4F0E00634995 /* Default@2x.png in Resources */ = {isa = PBXBuildFile; fileRef = DFD1057C19CE4F0E00634995 /* Default@2x.png */; };
		DFD1058C19CE4F0E00634995 /* Exit.png in Resources */ = {isa = PBXBuildFile; fileRef = DFD1057D19CE4F0E00634995 /* Exit.png */; };
		DFD1058D19CE4F0E00634995 /* ExitDown.png in Resources */ = {isa = PBXBuildFile; fileRef = DFD1057E19CE4F0E00634995 /* ExitDown.png */; };
		DFD1058E19CE4F0E00634995 /* Facebook.png in Resources */ = {isa = PBXBuildFile; fileRef = DFD1057F19CE4F0E00634995 /* Facebook.png */; };
		DFD1058F19CE4F0E00634995 /* FacebookDown.png in Resources */ = {isa = PBXBuildFile; fileRef = DFD1058019CE4F0E00634995 /* FacebookDown.png */; };
		DFD1059019CE4F0E00634995 /* LoginFieldBG.png in Resources */ = {isa = PBXBuildFile; fileRef = DFD1058119CE4F0E00634995 /* LoginFieldBG.png */; };
		DFD1059119CE4F0E00634995 /* Logo.png in Resources */ = {isa = PBXBuildFile; fileRef = DFD1058219CE4F0E00634995 /* Logo.png */; };
		DFD1059219CE4F0E00634995 /* MainBG.png in Resources */ = {isa = PBXBuildFile; fileRef = DFD1058319CE4F0E00634995 /* MainBG.png */; };
		DFD1059319CE4F0E00634995 /* SignUp.png in Resources */ = {isa = PBXBuildFile; fileRef = DFD1058419CE4F0E00634995 /* SignUp.png */; };
		DFD1059419CE4F0E00634995 /* SignUpDown.png in Resources */ = {isa = PBXBuildFile; fileRef = DFD1058519CE4F0E00634995 /* SignUpDown.png */; };
		DFD1059519CE4F0E00634995 /* SignUpFieldBG.png in Resources */ = {isa = PBXBuildFile; fileRef = DFD1058619CE4F0E00634995 /* SignUpFieldBG.png */; };
		DFD1059619CE4F0E00634995 /* Twitter.png in Resources */ = {isa = PBXBuildFile; fileRef = DFD1058719CE4F0E00634995 /* Twitter.png */; };
		DFD1059719CE4F0E00634995 /* TwitterDown.png in Resources */ = {isa = PBXBuildFile; fileRef = DFD1058819CE4F0E00634995 /* TwitterDown.png */; };
		DFF3F4A119CE6A660064D77C /* ParseFacebookUtils.framework in Frameworks */ = {isa = PBXBuildFile; fileRef = DFF3F4A019CE6A660064D77C /* ParseFacebookUtils.framework */; };
		F11C931A19CD598600AAFA9D /* AppDelegate.m in Sources */ = {isa = PBXBuildFile; fileRef = F11C931919CD598600AAFA9D /* AppDelegate.m */; };
		F11C931D19CD598600AAFA9D /* JSLoginViewController.m in Sources */ = {isa = PBXBuildFile; fileRef = F11C931C19CD598600AAFA9D /* JSLoginViewController.m */; };
		F11C932219CD598600AAFA9D /* Images.xcassets in Resources */ = {isa = PBXBuildFile; fileRef = F11C932119CD598600AAFA9D /* Images.xcassets */; };
		F11C933119CD598600AAFA9D /* jobSquareTests.m in Sources */ = {isa = PBXBuildFile; fileRef = F11C933019CD598600AAFA9D /* jobSquareTests.m */; };
		F11C934319CD5F2300AAFA9D /* JSMapViewController.m in Sources */ = {isa = PBXBuildFile; fileRef = F11C934219CD5F2300AAFA9D /* JSMapViewController.m */; };
		F11C934B19CD609700AAFA9D /* AVFoundation.framework in Frameworks */ = {isa = PBXBuildFile; fileRef = F11C934A19CD609700AAFA9D /* AVFoundation.framework */; };
		F11C934D19CD60A600AAFA9D /* CoreData.framework in Frameworks */ = {isa = PBXBuildFile; fileRef = F11C934C19CD60A600AAFA9D /* CoreData.framework */; };
		F11C934F19CD60C800AAFA9D /* ImageIO.framework in Frameworks */ = {isa = PBXBuildFile; fileRef = F11C934E19CD60C800AAFA9D /* ImageIO.framework */; };
		F11C935119CD60E200AAFA9D /* CoreLocation.framework in Frameworks */ = {isa = PBXBuildFile; fileRef = F11C935019CD60E200AAFA9D /* CoreLocation.framework */; };
		F11C935319CD60EA00AAFA9D /* CoreText.framework in Frameworks */ = {isa = PBXBuildFile; fileRef = F11C935219CD60EA00AAFA9D /* CoreText.framework */; };
		F11C935519CD60F400AAFA9D /* GLKit.framework in Frameworks */ = {isa = PBXBuildFile; fileRef = F11C935419CD60F400AAFA9D /* GLKit.framework */; };
		F11C935719CD610500AAFA9D /* libc++.dylib in Frameworks */ = {isa = PBXBuildFile; fileRef = F11C935619CD610500AAFA9D /* libc++.dylib */; };
		F11C935919CD611100AAFA9D /* libicucore.dylib in Frameworks */ = {isa = PBXBuildFile; fileRef = F11C935819CD611100AAFA9D /* libicucore.dylib */; };
		F11C935B19CD611B00AAFA9D /* libz.dylib in Frameworks */ = {isa = PBXBuildFile; fileRef = F11C935A19CD611B00AAFA9D /* libz.dylib */; };
		F11C935D19CD612300AAFA9D /* OpenGLES.framework in Frameworks */ = {isa = PBXBuildFile; fileRef = F11C935C19CD612300AAFA9D /* OpenGLES.framework */; };
		F11C935F19CD612C00AAFA9D /* QuartzCore.framework in Frameworks */ = {isa = PBXBuildFile; fileRef = F11C935E19CD612C00AAFA9D /* QuartzCore.framework */; };
		F11C936119CD613600AAFA9D /* SystemConfiguration.framework in Frameworks */ = {isa = PBXBuildFile; fileRef = F11C936019CD613600AAFA9D /* SystemConfiguration.framework */; };
		F141AF6319CD7006007B6B92 /* main.m in Sources */ = {isa = PBXBuildFile; fileRef = F11C931619CD598600AAFA9D /* main.m */; };
		F141AFCF19CD8F28007B6B92 /* GoogleMaps.bundle in Resources */ = {isa = PBXBuildFile; fileRef = F141AF9F19CD8F28007B6B92 /* GoogleMaps.bundle */; };
		F141AFD619CD8F4B007B6B92 /* GoogleMaps.framework in Frameworks */ = {isa = PBXBuildFile; fileRef = F141AFD519CD8F4B007B6B92 /* GoogleMaps.framework */; };
		F1F11AAA19CE8464009E3FF3 /* IMAsync.m in Sources */ = {isa = PBXBuildFile; fileRef = F1F11AA919CE8464009E3FF3 /* IMAsync.m */; };
		F1F11AB019CE9B52009E3FF3 /* JSJobPosting.m in Sources */ = {isa = PBXBuildFile; fileRef = F1F11AAF19CE9B52009E3FF3 /* JSJobPosting.m */; };
/* End PBXBuildFile section */

/* Begin PBXContainerItemProxy section */
		F11C932B19CD598600AAFA9D /* PBXContainerItemProxy */ = {
			isa = PBXContainerItemProxy;
			containerPortal = F11C930919CD598600AAFA9D /* Project object */;
			proxyType = 1;
			remoteGlobalIDString = F11C931019CD598600AAFA9D;
			remoteInfo = jobSquare;
		};
/* End PBXContainerItemProxy section */

/* Begin PBXFileReference section */
		07D0996596214AB3972854EB /* libPods.a */ = {isa = PBXFileReference; explicitFileType = archive.ar; includeInIndex = 0; path = libPods.a; sourceTree = BUILT_PRODUCTS_DIR; };
		360F3FC419CD9A1A006A8709 /* JobDetailViewController.m */ = {isa = PBXFileReference; fileEncoding = 4; lastKnownFileType = sourcecode.c.objc; path = JobDetailViewController.m; sourceTree = "<group>"; };
		360F3FC519CD9A1A006A8709 /* JobDetailViewController.h */ = {isa = PBXFileReference; fileEncoding = 4; lastKnownFileType = sourcecode.c.h; path = JobDetailViewController.h; sourceTree = "<group>"; };
		360F3FC619CD9A1A006A8709 /* JobDetailTableView.h */ = {isa = PBXFileReference; fileEncoding = 4; lastKnownFileType = sourcecode.c.h; path = JobDetailTableView.h; sourceTree = "<group>"; };
		360F3FC719CD9A1A006A8709 /* JobDetailTableView.m */ = {isa = PBXFileReference; fileEncoding = 4; lastKnownFileType = sourcecode.c.objc; path = JobDetailTableView.m; sourceTree = "<group>"; };
		360F3FCA19CD9A77006A8709 /* Parse.framework */ = {isa = PBXFileReference; lastKnownFileType = wrapper.framework; path = Parse.framework; sourceTree = "<group>"; };
		360F3FCE19CD9A9B006A8709 /* AudioToolbox.framework */ = {isa = PBXFileReference; lastKnownFileType = wrapper.framework; name = AudioToolbox.framework; path = System/Library/Frameworks/AudioToolbox.framework; sourceTree = SDKROOT; };
		360F3FD019CD9AA0006A8709 /* CFNetwork.framework */ = {isa = PBXFileReference; lastKnownFileType = wrapper.framework; name = CFNetwork.framework; path = System/Library/Frameworks/CFNetwork.framework; sourceTree = SDKROOT; };
		360F3FD219CD9AA7006A8709 /* CoreGraphics.framework */ = {isa = PBXFileReference; lastKnownFileType = wrapper.framework; name = CoreGraphics.framework; path = System/Library/Frameworks/CoreGraphics.framework; sourceTree = SDKROOT; };
		360F3FD419CD9AB8006A8709 /* MobileCoreServices.framework */ = {isa = PBXFileReference; lastKnownFileType = wrapper.framework; name = MobileCoreServices.framework; path = System/Library/Frameworks/MobileCoreServices.framework; sourceTree = SDKROOT; };
		360F3FD619CD9AC2006A8709 /* Security.framework */ = {isa = PBXFileReference; lastKnownFileType = wrapper.framework; name = Security.framework; path = System/Library/Frameworks/Security.framework; sourceTree = SDKROOT; };
		360F3FD819CD9AC9006A8709 /* StoreKit.framework */ = {isa = PBXFileReference; lastKnownFileType = wrapper.framework; name = StoreKit.framework; path = System/Library/Frameworks/StoreKit.framework; sourceTree = SDKROOT; };
		360F3FDA19CD9B48006A8709 /* Social.framework */ = {isa = PBXFileReference; lastKnownFileType = wrapper.framework; name = Social.framework; path = System/Library/Frameworks/Social.framework; sourceTree = SDKROOT; };
		360F3FDC19CD9B50006A8709 /* Accounts.framework */ = {isa = PBXFileReference; lastKnownFileType = wrapper.framework; name = Accounts.framework; path = System/Library/Frameworks/Accounts.framework; sourceTree = SDKROOT; };
		A50C4034AC0848C383AC4B0D /* Pods.xcconfig */ = {isa = PBXFileReference; includeInIndex = 1; lastKnownFileType = text.xcconfig; name = Pods.xcconfig; path = Pods/Pods.xcconfig; sourceTree = "<group>"; };
		DFD1057319CE473A00634995 /* JSMyLogInViewController.h */ = {isa = PBXFileReference; fileEncoding = 4; lastKnownFileType = sourcecode.c.h; path = JSMyLogInViewController.h; sourceTree = "<group>"; };
		DFD1057419CE473A00634995 /* JSMyLogInViewController.m */ = {isa = PBXFileReference; fileEncoding = 4; lastKnownFileType = sourcecode.c.objc; path = JSMyLogInViewController.m; sourceTree = "<group>"; };
		DFD1057619CE4AA400634995 /* JSMySignUpViewController.h */ = {isa = PBXFileReference; fileEncoding = 4; lastKnownFileType = sourcecode.c.h; path = JSMySignUpViewController.h; sourceTree = "<group>"; };
		DFD1057719CE4AE600634995 /* JSMySignUpViewController.m */ = {isa = PBXFileReference; fileEncoding = 4; lastKnownFileType = sourcecode.c.objc; path = JSMySignUpViewController.m; sourceTree = "<group>"; };
		DFD1057A19CE4F0E00634995 /* Default-568h@2x.png */ = {isa = PBXFileReference; lastKnownFileType = image.png; name = "Default-568h@2x.png"; path = "jobSquare/Assets/Default-568h@2x.png"; sourceTree = "<group>"; };
		DFD1057B19CE4F0E00634995 /* Default.png */ = {isa = PBXFileReference; lastKnownFileType = image.png; name = Default.png; path = jobSquare/Assets/Default.png; sourceTree = "<group>"; };
		DFD1057C19CE4F0E00634995 /* Default@2x.png */ = {isa = PBXFileReference; lastKnownFileType = image.png; name = "Default@2x.png"; path = "jobSquare/Assets/Default@2x.png"; sourceTree = "<group>"; };
		DFD1057D19CE4F0E00634995 /* Exit.png */ = {isa = PBXFileReference; lastKnownFileType = image.png; name = Exit.png; path = jobSquare/Assets/Exit.png; sourceTree = "<group>"; };
		DFD1057E19CE4F0E00634995 /* ExitDown.png */ = {isa = PBXFileReference; lastKnownFileType = image.png; name = ExitDown.png; path = jobSquare/Assets/ExitDown.png; sourceTree = "<group>"; };
		DFD1057F19CE4F0E00634995 /* Facebook.png */ = {isa = PBXFileReference; lastKnownFileType = image.png; name = Facebook.png; path = jobSquare/Assets/Facebook.png; sourceTree = "<group>"; };
		DFD1058019CE4F0E00634995 /* FacebookDown.png */ = {isa = PBXFileReference; lastKnownFileType = image.png; name = FacebookDown.png; path = jobSquare/Assets/FacebookDown.png; sourceTree = "<group>"; };
		DFD1058119CE4F0E00634995 /* LoginFieldBG.png */ = {isa = PBXFileReference; lastKnownFileType = image.png; name = LoginFieldBG.png; path = jobSquare/Assets/LoginFieldBG.png; sourceTree = "<group>"; };
		DFD1058219CE4F0E00634995 /* Logo.png */ = {isa = PBXFileReference; lastKnownFileType = image.png; name = Logo.png; path = jobSquare/Assets/Logo.png; sourceTree = "<group>"; };
		DFD1058319CE4F0E00634995 /* MainBG.png */ = {isa = PBXFileReference; lastKnownFileType = image.png; name = MainBG.png; path = jobSquare/Assets/MainBG.png; sourceTree = "<group>"; };
		DFD1058419CE4F0E00634995 /* SignUp.png */ = {isa = PBXFileReference; lastKnownFileType = image.png; name = SignUp.png; path = jobSquare/Assets/SignUp.png; sourceTree = "<group>"; };
		DFD1058519CE4F0E00634995 /* SignUpDown.png */ = {isa = PBXFileReference; lastKnownFileType = image.png; name = SignUpDown.png; path = jobSquare/Assets/SignUpDown.png; sourceTree = "<group>"; };
		DFD1058619CE4F0E00634995 /* SignUpFieldBG.png */ = {isa = PBXFileReference; lastKnownFileType = image.png; name = SignUpFieldBG.png; path = jobSquare/Assets/SignUpFieldBG.png; sourceTree = "<group>"; };
		DFD1058719CE4F0E00634995 /* Twitter.png */ = {isa = PBXFileReference; lastKnownFileType = image.png; name = Twitter.png; path = jobSquare/Assets/Twitter.png; sourceTree = "<group>"; };
		DFD1058819CE4F0E00634995 /* TwitterDown.png */ = {isa = PBXFileReference; lastKnownFileType = image.png; name = TwitterDown.png; path = jobSquare/Assets/TwitterDown.png; sourceTree = "<group>"; };
		DFF3F49C19CE678B0064D77C /* FacebookSDK.framework */ = {isa = PBXFileReference; lastKnownFileType = wrapper.framework; path = FacebookSDK.framework; sourceTree = "<group>"; };
		DFF3F4A019CE6A660064D77C /* ParseFacebookUtils.framework */ = {isa = PBXFileReference; lastKnownFileType = wrapper.framework; path = ParseFacebookUtils.framework; sourceTree = "<group>"; };
		F11C931119CD598600AAFA9D /* jobSquare.app */ = {isa = PBXFileReference; explicitFileType = wrapper.application; includeInIndex = 0; path = jobSquare.app; sourceTree = BUILT_PRODUCTS_DIR; };
		F11C931519CD598600AAFA9D /* Info.plist */ = {isa = PBXFileReference; lastKnownFileType = text.plist.xml; path = Info.plist; sourceTree = "<group>"; };
		F11C931619CD598600AAFA9D /* main.m */ = {isa = PBXFileReference; lastKnownFileType = sourcecode.c.objc; path = main.m; sourceTree = "<group>"; };
		F11C931819CD598600AAFA9D /* AppDelegate.h */ = {isa = PBXFileReference; lastKnownFileType = sourcecode.c.h; path = AppDelegate.h; sourceTree = "<group>"; };
		F11C931919CD598600AAFA9D /* AppDelegate.m */ = {isa = PBXFileReference; lastKnownFileType = sourcecode.c.objc; path = AppDelegate.m; sourceTree = "<group>"; };
		F11C931B19CD598600AAFA9D /* JSLoginViewController.h */ = {isa = PBXFileReference; lastKnownFileType = sourcecode.c.h; path = JSLoginViewController.h; sourceTree = "<group>"; };
		F11C931C19CD598600AAFA9D /* JSLoginViewController.m */ = {isa = PBXFileReference; lastKnownFileType = sourcecode.c.objc; path = JSLoginViewController.m; sourceTree = "<group>"; };
		F11C932119CD598600AAFA9D /* Images.xcassets */ = {isa = PBXFileReference; lastKnownFileType = folder.assetcatalog; path = Images.xcassets; sourceTree = "<group>"; };
		F11C932A19CD598600AAFA9D /* jobSquareTests.xctest */ = {isa = PBXFileReference; explicitFileType = wrapper.cfbundle; includeInIndex = 0; path = jobSquareTests.xctest; sourceTree = BUILT_PRODUCTS_DIR; };
		F11C932F19CD598600AAFA9D /* Info.plist */ = {isa = PBXFileReference; lastKnownFileType = text.plist.xml; path = Info.plist; sourceTree = "<group>"; };
		F11C933019CD598600AAFA9D /* jobSquareTests.m */ = {isa = PBXFileReference; lastKnownFileType = sourcecode.c.objc; path = jobSquareTests.m; sourceTree = "<group>"; };
		F11C934119CD5F2300AAFA9D /* JSMapViewController.h */ = {isa = PBXFileReference; fileEncoding = 4; lastKnownFileType = sourcecode.c.h; path = JSMapViewController.h; sourceTree = "<group>"; };
		F11C934219CD5F2300AAFA9D /* JSMapViewController.m */ = {isa = PBXFileReference; fileEncoding = 4; lastKnownFileType = sourcecode.c.objc; path = JSMapViewController.m; sourceTree = "<group>"; };
		F11C934A19CD609700AAFA9D /* AVFoundation.framework */ = {isa = PBXFileReference; lastKnownFileType = wrapper.framework; name = AVFoundation.framework; path = System/Library/Frameworks/AVFoundation.framework; sourceTree = SDKROOT; };
		F11C934C19CD60A600AAFA9D /* CoreData.framework */ = {isa = PBXFileReference; lastKnownFileType = wrapper.framework; name = CoreData.framework; path = System/Library/Frameworks/CoreData.framework; sourceTree = SDKROOT; };
		F11C934E19CD60C800AAFA9D /* ImageIO.framework */ = {isa = PBXFileReference; lastKnownFileType = wrapper.framework; name = ImageIO.framework; path = System/Library/Frameworks/ImageIO.framework; sourceTree = SDKROOT; };
		F11C935019CD60E200AAFA9D /* CoreLocation.framework */ = {isa = PBXFileReference; lastKnownFileType = wrapper.framework; name = CoreLocation.framework; path = System/Library/Frameworks/CoreLocation.framework; sourceTree = SDKROOT; };
		F11C935219CD60EA00AAFA9D /* CoreText.framework */ = {isa = PBXFileReference; lastKnownFileType = wrapper.framework; name = CoreText.framework; path = System/Library/Frameworks/CoreText.framework; sourceTree = SDKROOT; };
		F11C935419CD60F400AAFA9D /* GLKit.framework */ = {isa = PBXFileReference; lastKnownFileType = wrapper.framework; name = GLKit.framework; path = System/Library/Frameworks/GLKit.framework; sourceTree = SDKROOT; };
		F11C935619CD610500AAFA9D /* libc++.dylib */ = {isa = PBXFileReference; lastKnownFileType = "compiled.mach-o.dylib"; name = "libc++.dylib"; path = "usr/lib/libc++.dylib"; sourceTree = SDKROOT; };
		F11C935819CD611100AAFA9D /* libicucore.dylib */ = {isa = PBXFileReference; lastKnownFileType = "compiled.mach-o.dylib"; name = libicucore.dylib; path = usr/lib/libicucore.dylib; sourceTree = SDKROOT; };
		F11C935A19CD611B00AAFA9D /* libz.dylib */ = {isa = PBXFileReference; lastKnownFileType = "compiled.mach-o.dylib"; name = libz.dylib; path = usr/lib/libz.dylib; sourceTree = SDKROOT; };
		F11C935C19CD612300AAFA9D /* OpenGLES.framework */ = {isa = PBXFileReference; lastKnownFileType = wrapper.framework; name = OpenGLES.framework; path = System/Library/Frameworks/OpenGLES.framework; sourceTree = SDKROOT; };
		F11C935E19CD612C00AAFA9D /* QuartzCore.framework */ = {isa = PBXFileReference; lastKnownFileType = wrapper.framework; name = QuartzCore.framework; path = System/Library/Frameworks/QuartzCore.framework; sourceTree = SDKROOT; };
		F11C936019CD613600AAFA9D /* SystemConfiguration.framework */ = {isa = PBXFileReference; lastKnownFileType = wrapper.framework; name = SystemConfiguration.framework; path = System/Library/Frameworks/SystemConfiguration.framework; sourceTree = SDKROOT; };
		F141AF9F19CD8F28007B6B92 /* GoogleMaps.bundle */ = {isa = PBXFileReference; lastKnownFileType = "wrapper.plug-in"; path = GoogleMaps.bundle; sourceTree = "<group>"; };
		F141AFD519CD8F4B007B6B92 /* GoogleMaps.framework */ = {isa = PBXFileReference; lastKnownFileType = wrapper.framework; path = GoogleMaps.framework; sourceTree = "<group>"; };
		F1F11AA819CE8464009E3FF3 /* IMAsync.h */ = {isa = PBXFileReference; fileEncoding = 4; lastKnownFileType = sourcecode.c.h; path = IMAsync.h; sourceTree = "<group>"; };
		F1F11AA919CE8464009E3FF3 /* IMAsync.m */ = {isa = PBXFileReference; fileEncoding = 4; lastKnownFileType = sourcecode.c.objc; path = IMAsync.m; sourceTree = "<group>"; };
		F1F11AAE19CE9B52009E3FF3 /* JSJobPosting.h */ = {isa = PBXFileReference; fileEncoding = 4; lastKnownFileType = sourcecode.c.h; path = JSJobPosting.h; sourceTree = "<group>"; };
		F1F11AAF19CE9B52009E3FF3 /* JSJobPosting.m */ = {isa = PBXFileReference; fileEncoding = 4; lastKnownFileType = sourcecode.c.objc; path = JSJobPosting.m; sourceTree = "<group>"; };
/* End PBXFileReference section */

/* Begin PBXFrameworksBuildPhase section */
		F11C930E19CD598600AAFA9D /* Frameworks */ = {
			isa = PBXFrameworksBuildPhase;
			buildActionMask = 2147483647;
			files = (
				360F3FDD19CD9B50006A8709 /* Accounts.framework in Frameworks */,
				360F3FDB19CD9B48006A8709 /* Social.framework in Frameworks */,
				F11C936119CD613600AAFA9D /* SystemConfiguration.framework in Frameworks */,
				360F3FD919CD9AC9006A8709 /* StoreKit.framework in Frameworks */,
				360F3FD719CD9AC2006A8709 /* Security.framework in Frameworks */,
				360F3FD519CD9AB8006A8709 /* MobileCoreServices.framework in Frameworks */,
				F11C935119CD60E200AAFA9D /* CoreLocation.framework in Frameworks */,
				360F3FD319CD9AA7006A8709 /* CoreGraphics.framework in Frameworks */,
				360F3FD119CD9AA0006A8709 /* CFNetwork.framework in Frameworks */,
				360F3FCF19CD9A9B006A8709 /* AudioToolbox.framework in Frameworks */,
				F141AFD619CD8F4B007B6B92 /* GoogleMaps.framework in Frameworks */,
				F11C935F19CD612C00AAFA9D /* QuartzCore.framework in Frameworks */,
				DFF3F4A119CE6A660064D77C /* ParseFacebookUtils.framework in Frameworks */,
				F11C935D19CD612300AAFA9D /* OpenGLES.framework in Frameworks */,
				360F3FCC19CD9A77006A8709 /* Parse.framework in Frameworks */,
				F11C935B19CD611B00AAFA9D /* libz.dylib in Frameworks */,
				F11C935919CD611100AAFA9D /* libicucore.dylib in Frameworks */,
				F11C935719CD610500AAFA9D /* libc++.dylib in Frameworks */,
				F11C935519CD60F400AAFA9D /* GLKit.framework in Frameworks */,
				F11C935319CD60EA00AAFA9D /* CoreText.framework in Frameworks */,
				F11C934F19CD60C800AAFA9D /* ImageIO.framework in Frameworks */,
				F11C934D19CD60A600AAFA9D /* CoreData.framework in Frameworks */,
				F11C934B19CD609700AAFA9D /* AVFoundation.framework in Frameworks */,
				2896E645BD5E4968A8E4BD17 /* libPods.a in Frameworks */,
			);
			runOnlyForDeploymentPostprocessing = 0;
		};
		F11C932719CD598600AAFA9D /* Frameworks */ = {
			isa = PBXFrameworksBuildPhase;
			buildActionMask = 2147483647;
			files = (
			);
			runOnlyForDeploymentPostprocessing = 0;
		};
/* End PBXFrameworksBuildPhase section */

/* Begin PBXGroup section */
		DFD1057919CE4E6000634995 /* Assets */ = {
			isa = PBXGroup;
			children = (
				DFD1057A19CE4F0E00634995 /* Default-568h@2x.png */,
				DFD1057B19CE4F0E00634995 /* Default.png */,
				DFD1057C19CE4F0E00634995 /* Default@2x.png */,
				DFD1057D19CE4F0E00634995 /* Exit.png */,
				DFD1057E19CE4F0E00634995 /* ExitDown.png */,
				DFD1057F19CE4F0E00634995 /* Facebook.png */,
				DFD1058019CE4F0E00634995 /* FacebookDown.png */,
				DFD1058119CE4F0E00634995 /* LoginFieldBG.png */,
				DFD1058219CE4F0E00634995 /* Logo.png */,
				DFD1058319CE4F0E00634995 /* MainBG.png */,
				DFD1058419CE4F0E00634995 /* SignUp.png */,
				DFD1058519CE4F0E00634995 /* SignUpDown.png */,
				DFD1058619CE4F0E00634995 /* SignUpFieldBG.png */,
				DFD1058719CE4F0E00634995 /* Twitter.png */,
				DFD1058819CE4F0E00634995 /* TwitterDown.png */,
			);
			name = Assets;
			sourceTree = "<group>";
		};
		F11C930819CD598600AAFA9D = {
			isa = PBXGroup;
			children = (
				DFD1057919CE4E6000634995 /* Assets */,
				F11C931319CD598600AAFA9D /* jobSquare */,
				F11C932D19CD598600AAFA9D /* jobSquareTests */,
				F11C931219CD598600AAFA9D /* Products */,
				F11C936219CD616000AAFA9D /* Frameworks */,
				A50C4034AC0848C383AC4B0D /* Pods.xcconfig */,
			);
			sourceTree = "<group>";
		};
		F11C931219CD598600AAFA9D /* Products */ = {
			isa = PBXGroup;
			children = (
				F11C931119CD598600AAFA9D /* jobSquare.app */,
				F11C932A19CD598600AAFA9D /* jobSquareTests.xctest */,
			);
			name = Products;
			sourceTree = "<group>";
		};
		F11C931319CD598600AAFA9D /* jobSquare */ = {
			isa = PBXGroup;
			children = (
				F1F11AAD19CE9B40009E3FF3 /* Models */,
				F1F11AA619CE83B8009E3FF3 /* Controllers */,
				F1F11AA519CE83A9009E3FF3 /* WebServices */,
				F11C931819CD598600AAFA9D /* AppDelegate.h */,
				F11C931919CD598600AAFA9D /* AppDelegate.m */,
				F11C932119CD598600AAFA9D /* Images.xcassets */,
				F11C931419CD598600AAFA9D /* Supporting Files */,
				F1F11AA719CE83CD009E3FF3 /* Views */,
			);
			path = jobSquare;
			sourceTree = "<group>";
		};
		F11C931419CD598600AAFA9D /* Supporting Files */ = {
			isa = PBXGroup;
			children = (
				F11C931519CD598600AAFA9D /* Info.plist */,
				F11C931619CD598600AAFA9D /* main.m */,
			);
			name = "Supporting Files";
			sourceTree = "<group>";
		};
		F11C932D19CD598600AAFA9D /* jobSquareTests */ = {
			isa = PBXGroup;
			children = (
				F11C933019CD598600AAFA9D /* jobSquareTests.m */,
				F11C932E19CD598600AAFA9D /* Supporting Files */,
			);
			path = jobSquareTests;
			sourceTree = "<group>";
		};
		F11C932E19CD598600AAFA9D /* Supporting Files */ = {
			isa = PBXGroup;
			children = (
				F11C932F19CD598600AAFA9D /* Info.plist */,
			);
			name = "Supporting Files";
			sourceTree = "<group>";
		};
		F11C936219CD616000AAFA9D /* Frameworks */ = {
			isa = PBXGroup;
			children = (
				DFF3F4A019CE6A660064D77C /* ParseFacebookUtils.framework */,
				DFF3F49C19CE678B0064D77C /* FacebookSDK.framework */,
				360F3FDC19CD9B50006A8709 /* Accounts.framework */,
				360F3FDA19CD9B48006A8709 /* Social.framework */,
				360F3FD819CD9AC9006A8709 /* StoreKit.framework */,
				360F3FD619CD9AC2006A8709 /* Security.framework */,
				360F3FD419CD9AB8006A8709 /* MobileCoreServices.framework */,
				360F3FD219CD9AA7006A8709 /* CoreGraphics.framework */,
				360F3FD019CD9AA0006A8709 /* CFNetwork.framework */,
				360F3FCE19CD9A9B006A8709 /* AudioToolbox.framework */,
				360F3FCA19CD9A77006A8709 /* Parse.framework */,
				F141AFD519CD8F4B007B6B92 /* GoogleMaps.framework */,
				F141AF9F19CD8F28007B6B92 /* GoogleMaps.bundle */,
				F11C936019CD613600AAFA9D /* SystemConfiguration.framework */,
				F11C935E19CD612C00AAFA9D /* QuartzCore.framework */,
				F11C935C19CD612300AAFA9D /* OpenGLES.framework */,
				F11C935A19CD611B00AAFA9D /* libz.dylib */,
				F11C935819CD611100AAFA9D /* libicucore.dylib */,
				F11C935619CD610500AAFA9D /* libc++.dylib */,
				F11C935419CD60F400AAFA9D /* GLKit.framework */,
				F11C935219CD60EA00AAFA9D /* CoreText.framework */,
				F11C935019CD60E200AAFA9D /* CoreLocation.framework */,
				F11C934E19CD60C800AAFA9D /* ImageIO.framework */,
				F11C934C19CD60A600AAFA9D /* CoreData.framework */,
				F11C934A19CD609700AAFA9D /* AVFoundation.framework */,
				07D0996596214AB3972854EB /* libPods.a */,
			);
			path = Frameworks;
			sourceTree = "<group>";
		};
		F1F11AA519CE83A9009E3FF3 /* WebServices */ = {
			isa = PBXGroup;
			children = (
				F1F11AA819CE8464009E3FF3 /* IMAsync.h */,
				F1F11AA919CE8464009E3FF3 /* IMAsync.m */,
			);
			name = WebServices;
			sourceTree = "<group>";
		};
		F1F11AA619CE83B8009E3FF3 /* Controllers */ = {
			isa = PBXGroup;
			children = (
				F11C931B19CD598600AAFA9D /* JSLoginViewController.h */,
				F11C931C19CD598600AAFA9D /* JSLoginViewController.m */,
				F11C934119CD5F2300AAFA9D /* JSMapViewController.h */,
				F11C934219CD5F2300AAFA9D /* JSMapViewController.m */,
				DFD1057619CE4AA400634995 /* JSMySignUpViewController.h */,
				DFD1057719CE4AE600634995 /* JSMySignUpViewController.m */,
				360F3FC419CD9A1A006A8709 /* JobDetailViewController.m */,
				DFD1057319CE473A00634995 /* JSMyLogInViewController.h */,
				DFD1057419CE473A00634995 /* JSMyLogInViewController.m */,
				360F3FC519CD9A1A006A8709 /* JobDetailViewController.h */,
			);
			name = Controllers;
			sourceTree = "<group>";
		};
		F1F11AA719CE83CD009E3FF3 /* Views */ = {
			isa = PBXGroup;
			children = (
				360F3FC619CD9A1A006A8709 /* JobDetailTableView.h */,
				360F3FC719CD9A1A006A8709 /* JobDetailTableView.m */,
			);
			name = Views;
			sourceTree = "<group>";
		};
		F1F11AAD19CE9B40009E3FF3 /* Models */ = {
			isa = PBXGroup;
			children = (
				F1F11AAE19CE9B52009E3FF3 /* JSJobPosting.h */,
				F1F11AAF19CE9B52009E3FF3 /* JSJobPosting.m */,
			);
			name = Models;
			sourceTree = "<group>";
		};
/* End PBXGroup section */

/* Begin PBXNativeTarget section */
		F11C931019CD598600AAFA9D /* jobSquare */ = {
			isa = PBXNativeTarget;
			buildConfigurationList = F11C933419CD598600AAFA9D /* Build configuration list for PBXNativeTarget "jobSquare" */;
			buildPhases = (
				2C0250F1E12E4EF0A33B7A20 /* Check Pods Manifest.lock */,
				F11C930D19CD598600AAFA9D /* Sources */,
				F11C930E19CD598600AAFA9D /* Frameworks */,
				F11C930F19CD598600AAFA9D /* Resources */,
				7546359873DF4877996DC360 /* Copy Pods Resources */,
			);
			buildRules = (
			);
			dependencies = (
			);
			name = jobSquare;
			productName = jobSquare;
			productReference = F11C931119CD598600AAFA9D /* jobSquare.app */;
			productType = "com.apple.product-type.application";
		};
		F11C932919CD598600AAFA9D /* jobSquareTests */ = {
			isa = PBXNativeTarget;
			buildConfigurationList = F11C933719CD598600AAFA9D /* Build configuration list for PBXNativeTarget "jobSquareTests" */;
			buildPhases = (
				F11C932619CD598600AAFA9D /* Sources */,
				F11C932719CD598600AAFA9D /* Frameworks */,
				F11C932819CD598600AAFA9D /* Resources */,
			);
			buildRules = (
			);
			dependencies = (
				F11C932C19CD598600AAFA9D /* PBXTargetDependency */,
			);
			name = jobSquareTests;
			productName = jobSquareTests;
			productReference = F11C932A19CD598600AAFA9D /* jobSquareTests.xctest */;
			productType = "com.apple.product-type.bundle.unit-test";
		};
/* End PBXNativeTarget section */

/* Begin PBXProject section */
		F11C930919CD598600AAFA9D /* Project object */ = {
			isa = PBXProject;
			attributes = {
				LastUpgradeCheck = 0600;
				ORGANIZATIONNAME = Givery;
				TargetAttributes = {
					F11C931019CD598600AAFA9D = {
						CreatedOnToolsVersion = 6.0.1;
						SystemCapabilities = {
							com.apple.Maps.iOS = {
								enabled = 0;
							};
						};
					};
					F11C932919CD598600AAFA9D = {
						CreatedOnToolsVersion = 6.0.1;
						TestTargetID = F11C931019CD598600AAFA9D;
					};
				};
			};
			buildConfigurationList = F11C930C19CD598600AAFA9D /* Build configuration list for PBXProject "jobSquare" */;
			compatibilityVersion = "Xcode 3.2";
			developmentRegion = English;
			hasScannedForEncodings = 0;
			knownRegions = (
				en,
				Base,
			);
			mainGroup = F11C930819CD598600AAFA9D;
			productRefGroup = F11C931219CD598600AAFA9D /* Products */;
			projectDirPath = "";
			projectRoot = "";
			targets = (
				F11C931019CD598600AAFA9D /* jobSquare */,
				F11C932919CD598600AAFA9D /* jobSquareTests */,
			);
		};
/* End PBXProject section */

/* Begin PBXResourcesBuildPhase section */
		F11C930F19CD598600AAFA9D /* Resources */ = {
			isa = PBXResourcesBuildPhase;
			buildActionMask = 2147483647;
			files = (
				DFD1058F19CE4F0E00634995 /* FacebookDown.png in Resources */,
				DFD1059619CE4F0E00634995 /* Twitter.png in Resources */,
				DFD1058D19CE4F0E00634995 /* ExitDown.png in Resources */,
				DFD1058E19CE4F0E00634995 /* Facebook.png in Resources */,
				F11C932219CD598600AAFA9D /* Images.xcassets in Resources */,
				DFD1059119CE4F0E00634995 /* Logo.png in Resources */,
				DFD1059419CE4F0E00634995 /* SignUpDown.png in Resources */,
				F141AFCF19CD8F28007B6B92 /* GoogleMaps.bundle in Resources */,
				DFD1059019CE4F0E00634995 /* LoginFieldBG.png in Resources */,
				DFD1058B19CE4F0E00634995 /* Default@2x.png in Resources */,
				DFD1059519CE4F0E00634995 /* SignUpFieldBG.png in Resources */,
				DFD1059319CE4F0E00634995 /* SignUp.png in Resources */,
				DFD1059719CE4F0E00634995 /* TwitterDown.png in Resources */,
				DFD1058C19CE4F0E00634995 /* Exit.png in Resources */,
				DFD1058919CE4F0E00634995 /* Default-568h@2x.png in Resources */,
				DFD1058A19CE4F0E00634995 /* Default.png in Resources */,
				DFD1059219CE4F0E00634995 /* MainBG.png in Resources */,
			);
			runOnlyForDeploymentPostprocessing = 0;
		};
		F11C932819CD598600AAFA9D /* Resources */ = {
			isa = PBXResourcesBuildPhase;
			buildActionMask = 2147483647;
			files = (
			);
			runOnlyForDeploymentPostprocessing = 0;
		};
/* End PBXResourcesBuildPhase section */

/* Begin PBXShellScriptBuildPhase section */
		2C0250F1E12E4EF0A33B7A20 /* Check Pods Manifest.lock */ = {
			isa = PBXShellScriptBuildPhase;
			buildActionMask = 2147483647;
			files = (
			);
			inputPaths = (
			);
			name = "Check Pods Manifest.lock";
			outputPaths = (
			);
			runOnlyForDeploymentPostprocessing = 0;
			shellPath = /bin/sh;
			shellScript = "diff \"${PODS_ROOT}/../Podfile.lock\" \"${PODS_ROOT}/Manifest.lock\" > /dev/null\nif [[ $? != 0 ]] ; then\n    cat << EOM\nerror: The sandbox is not in sync with the Podfile.lock. Run 'pod install' or update your CocoaPods installation.\nEOM\n    exit 1\nfi\n";
			showEnvVarsInLog = 0;
		};
		7546359873DF4877996DC360 /* Copy Pods Resources */ = {
			isa = PBXShellScriptBuildPhase;
			buildActionMask = 2147483647;
			files = (
			);
			inputPaths = (
			);
			name = "Copy Pods Resources";
			outputPaths = (
			);
			runOnlyForDeploymentPostprocessing = 0;
			shellPath = /bin/sh;
			shellScript = "\"${SRCROOT}/Pods/Pods-resources.sh\"\n";
			showEnvVarsInLog = 0;
		};
/* End PBXShellScriptBuildPhase section */

/* Begin PBXSourcesBuildPhase section */
		F11C930D19CD598600AAFA9D /* Sources */ = {
			isa = PBXSourcesBuildPhase;
			buildActionMask = 2147483647;
			files = (
				F141AF6319CD7006007B6B92 /* main.m in Sources */,
				360F3FC919CD9A1A006A8709 /* JobDetailTableView.m in Sources */,
				F11C931D19CD598600AAFA9D /* JSLoginViewController.m in Sources */,
				DFD1057819CE4AE600634995 /* JSMySignUpViewController.m in Sources */,
				F1F11AAA19CE8464009E3FF3 /* IMAsync.m in Sources */,
				360F3FC819CD9A1A006A8709 /* JobDetailViewController.m in Sources */,
				F1F11AB019CE9B52009E3FF3 /* JSJobPosting.m in Sources */,
				F11C931A19CD598600AAFA9D /* AppDelegate.m in Sources */,
				F11C934319CD5F2300AAFA9D /* JSMapViewController.m in Sources */,
				DFD1057519CE473A00634995 /* JSMyLogInViewController.m in Sources */,
			);
			runOnlyForDeploymentPostprocessing = 0;
		};
		F11C932619CD598600AAFA9D /* Sources */ = {
			isa = PBXSourcesBuildPhase;
			buildActionMask = 2147483647;
			files = (
				F11C933119CD598600AAFA9D /* jobSquareTests.m in Sources */,
			);
			runOnlyForDeploymentPostprocessing = 0;
		};
/* End PBXSourcesBuildPhase section */

/* Begin PBXTargetDependency section */
		F11C932C19CD598600AAFA9D /* PBXTargetDependency */ = {
			isa = PBXTargetDependency;
			target = F11C931019CD598600AAFA9D /* jobSquare */;
			targetProxy = F11C932B19CD598600AAFA9D /* PBXContainerItemProxy */;
		};
/* End PBXTargetDependency section */

/* Begin XCBuildConfiguration section */
		F11C933219CD598600AAFA9D /* Debug */ = {
			isa = XCBuildConfiguration;
			buildSettings = {
				ALWAYS_SEARCH_USER_PATHS = NO;
				CLANG_CXX_LANGUAGE_STANDARD = "gnu++0x";
				CLANG_CXX_LIBRARY = "libc++";
				CLANG_ENABLE_MODULES = YES;
				CLANG_ENABLE_OBJC_ARC = YES;
				CLANG_WARN_BOOL_CONVERSION = YES;
				CLANG_WARN_CONSTANT_CONVERSION = YES;
				CLANG_WARN_DIRECT_OBJC_ISA_USAGE = YES_ERROR;
				CLANG_WARN_EMPTY_BODY = YES;
				CLANG_WARN_ENUM_CONVERSION = YES;
				CLANG_WARN_INT_CONVERSION = YES;
				CLANG_WARN_OBJC_ROOT_CLASS = YES_ERROR;
				CLANG_WARN_UNREACHABLE_CODE = YES;
				CLANG_WARN__DUPLICATE_METHOD_MATCH = YES;
				"CODE_SIGN_IDENTITY[sdk=iphoneos*]" = "iPhone Developer";
				COPY_PHASE_STRIP = NO;
				ENABLE_STRICT_OBJC_MSGSEND = YES;
				GCC_C_LANGUAGE_STANDARD = gnu99;
				GCC_DYNAMIC_NO_PIC = NO;
				GCC_OPTIMIZATION_LEVEL = 0;
				GCC_PREPROCESSOR_DEFINITIONS = (
					"DEBUG=1",
					"$(inherited)",
				);
				GCC_SYMBOLS_PRIVATE_EXTERN = NO;
				GCC_WARN_64_TO_32_BIT_CONVERSION = YES;
				GCC_WARN_ABOUT_RETURN_TYPE = YES_ERROR;
				GCC_WARN_UNDECLARED_SELECTOR = YES;
				GCC_WARN_UNINITIALIZED_AUTOS = YES_AGGRESSIVE;
				GCC_WARN_UNUSED_FUNCTION = YES;
				GCC_WARN_UNUSED_VARIABLE = YES;
				IPHONEOS_DEPLOYMENT_TARGET = 8.0;
				MTL_ENABLE_DEBUG_INFO = YES;
				ONLY_ACTIVE_ARCH = YES;
				SDKROOT = iphoneos;
			};
			name = Debug;
		};
		F11C933319CD598600AAFA9D /* Release */ = {
			isa = XCBuildConfiguration;
			buildSettings = {
				ALWAYS_SEARCH_USER_PATHS = NO;
				CLANG_CXX_LANGUAGE_STANDARD = "gnu++0x";
				CLANG_CXX_LIBRARY = "libc++";
				CLANG_ENABLE_MODULES = YES;
				CLANG_ENABLE_OBJC_ARC = YES;
				CLANG_WARN_BOOL_CONVERSION = YES;
				CLANG_WARN_CONSTANT_CONVERSION = YES;
				CLANG_WARN_DIRECT_OBJC_ISA_USAGE = YES_ERROR;
				CLANG_WARN_EMPTY_BODY = YES;
				CLANG_WARN_ENUM_CONVERSION = YES;
				CLANG_WARN_INT_CONVERSION = YES;
				CLANG_WARN_OBJC_ROOT_CLASS = YES_ERROR;
				CLANG_WARN_UNREACHABLE_CODE = YES;
				CLANG_WARN__DUPLICATE_METHOD_MATCH = YES;
				"CODE_SIGN_IDENTITY[sdk=iphoneos*]" = "iPhone Developer";
				COPY_PHASE_STRIP = YES;
				ENABLE_NS_ASSERTIONS = NO;
				ENABLE_STRICT_OBJC_MSGSEND = YES;
				GCC_C_LANGUAGE_STANDARD = gnu99;
				GCC_WARN_64_TO_32_BIT_CONVERSION = YES;
				GCC_WARN_ABOUT_RETURN_TYPE = YES_ERROR;
				GCC_WARN_UNDECLARED_SELECTOR = YES;
				GCC_WARN_UNINITIALIZED_AUTOS = YES_AGGRESSIVE;
				GCC_WARN_UNUSED_FUNCTION = YES;
				GCC_WARN_UNUSED_VARIABLE = YES;
				IPHONEOS_DEPLOYMENT_TARGET = 8.0;
				MTL_ENABLE_DEBUG_INFO = NO;
				SDKROOT = iphoneos;
				VALIDATE_PRODUCT = YES;
			};
			name = Release;
		};
		F11C933519CD598600AAFA9D /* Debug */ = {
			isa = XCBuildConfiguration;
			baseConfigurationReference = A50C4034AC0848C383AC4B0D /* Pods.xcconfig */;
			buildSettings = {
				ASSETCATALOG_COMPILER_APPICON_NAME = AppIcon;
				FRAMEWORK_SEARCH_PATHS = (
					"$(inherited)",
					"$(PROJECT_DIR)/Frameworks/",
					"$(PROJECT_DIR)/Frameworks",
				);
				INFOPLIST_FILE = jobSquare/Info.plist;
				IPHONEOS_DEPLOYMENT_TARGET = 7.0;
				LD_RUNPATH_SEARCH_PATHS = "$(inherited) @executable_path/Frameworks";
				LIBRARY_SEARCH_PATHS = (
					"$(inherited)",
					"$(PROJECT_DIR)/Frameworks/GoogleMaps.framework",
					"$(PROJECT_DIR)/Frameworks/GoogleMaps.framework/Versions/A",
				);
				OTHER_LDFLAGS = "-ObjC";
				PRODUCT_NAME = "$(TARGET_NAME)";
			};
			name = Debug;
		};
		F11C933619CD598600AAFA9D /* Release */ = {
			isa = XCBuildConfiguration;
			baseConfigurationReference = A50C4034AC0848C383AC4B0D /* Pods.xcconfig */;
			buildSettings = {
				ASSETCATALOG_COMPILER_APPICON_NAME = AppIcon;
				FRAMEWORK_SEARCH_PATHS = (
					"$(inherited)",
					"$(PROJECT_DIR)/Frameworks/",
					"$(PROJECT_DIR)/Frameworks",
				);
				INFOPLIST_FILE = jobSquare/Info.plist;
				IPHONEOS_DEPLOYMENT_TARGET = 7.0;
				LD_RUNPATH_SEARCH_PATHS = "$(inherited) @executable_path/Frameworks";
				LIBRARY_SEARCH_PATHS = (
					"$(inherited)",
					"$(PROJECT_DIR)/Frameworks/GoogleMaps.framework",
					"$(PROJECT_DIR)/Frameworks/GoogleMaps.framework/Versions/A",
				);
				OTHER_LDFLAGS = "-ObjC";
				PRODUCT_NAME = "$(TARGET_NAME)";
			};
			name = Release;
		};
		F11C933819CD598600AAFA9D /* Debug */ = {
			isa = XCBuildConfiguration;
			buildSettings = {
				BUNDLE_LOADER = "$(TEST_HOST)";
				FRAMEWORK_SEARCH_PATHS = (
					"$(SDKROOT)/Developer/Library/Frameworks",
					"$(inherited)",
				);
				GCC_PREPROCESSOR_DEFINITIONS = (
					"DEBUG=1",
					"$(inherited)",
				);
				INFOPLIST_FILE = jobSquareTests/Info.plist;
				LD_RUNPATH_SEARCH_PATHS = "$(inherited) @executable_path/Frameworks @loader_path/Frameworks";
				PRODUCT_NAME = "$(TARGET_NAME)";
				TEST_HOST = "$(BUILT_PRODUCTS_DIR)/jobSquare.app/jobSquare";
			};
			name = Debug;
		};
		F11C933919CD598600AAFA9D /* Release */ = {
			isa = XCBuildConfiguration;
			buildSettings = {
				BUNDLE_LOADER = "$(TEST_HOST)";
				FRAMEWORK_SEARCH_PATHS = (
					"$(SDKROOT)/Developer/Library/Frameworks",
					"$(inherited)",
				);
				INFOPLIST_FILE = jobSquareTests/Info.plist;
				LD_RUNPATH_SEARCH_PATHS = "$(inherited) @executable_path/Frameworks @loader_path/Frameworks";
				PRODUCT_NAME = "$(TARGET_NAME)";
				TEST_HOST = "$(BUILT_PRODUCTS_DIR)/jobSquare.app/jobSquare";
			};
			name = Release;
		};
/* End XCBuildConfiguration section */

/* Begin XCConfigurationList section */
		F11C930C19CD598600AAFA9D /* Build configuration list for PBXProject "jobSquare" */ = {
			isa = XCConfigurationList;
			buildConfigurations = (
				F11C933219CD598600AAFA9D /* Debug */,
				F11C933319CD598600AAFA9D /* Release */,
			);
			defaultConfigurationIsVisible = 0;
			defaultConfigurationName = Release;
		};
		F11C933419CD598600AAFA9D /* Build configuration list for PBXNativeTarget "jobSquare" */ = {
			isa = XCConfigurationList;
			buildConfigurations = (
				F11C933519CD598600AAFA9D /* Debug */,
				F11C933619CD598600AAFA9D /* Release */,
			);
			defaultConfigurationIsVisible = 0;
			defaultConfigurationName = Release;
		};
		F11C933719CD598600AAFA9D /* Build configuration list for PBXNativeTarget "jobSquareTests" */ = {
			isa = XCConfigurationList;
			buildConfigurations = (
				F11C933819CD598600AAFA9D /* Debug */,
				F11C933919CD598600AAFA9D /* Release */,
			);
			defaultConfigurationIsVisible = 0;
			defaultConfigurationName = Release;
		};
/* End XCConfigurationList section */
	};
	rootObject = F11C930919CD598600AAFA9D /* Project object */;
}
