// !$*UTF8*$!
{
	archiveVersion = 1;
	classes = {
	};
	objectVersion = 46;
	objects = {

/* Begin PBXBuildFile section */
		F11C931719CD598600AAFA9D /* main.m in Sources */ = {isa = PBXBuildFile; fileRef = F11C931619CD598600AAFA9D /* main.m */; };
		F11C931A19CD598600AAFA9D /* AppDelegate.m in Sources */ = {isa = PBXBuildFile; fileRef = F11C931919CD598600AAFA9D /* AppDelegate.m */; };
		F11C931D19CD598600AAFA9D /* JSLoginViewController.m in Sources */ = {isa = PBXBuildFile; fileRef = F11C931C19CD598600AAFA9D /* JSLoginViewController.m */; };
		F11C932219CD598600AAFA9D /* Images.xcassets in Resources */ = {isa = PBXBuildFile; fileRef = F11C932119CD598600AAFA9D /* Images.xcassets */; };
		F11C932519CD598600AAFA9D /* LaunchScreen.xib in Resources */ = {isa = PBXBuildFile; fileRef = F11C932319CD598600AAFA9D /* LaunchScreen.xib */; };
		F11C933119CD598600AAFA9D /* jobSquareTests.m in Sources */ = {isa = PBXBuildFile; fileRef = F11C933019CD598600AAFA9D /* jobSquareTests.m */; };
/* End PBXBuildFile section */

/* Begin PBXContainerItemProxy section */
		F11C932B19CD598600AAFA9D /* PBXContainerItemProxy */ = {
			isa = PBXContainerItemProxy;
			containerPortal = F11C930919CD598600AAFA9D /* Project object */;
			proxyType = 1;
			remoteGlobalIDString = F11C931019CD598600AAFA9D;
			remoteInfo = jobSquare;
		};
/* End PBXContainerItemProxy section */

/* Begin PBXFileReference section */
		F11C931119CD598600AAFA9D /* jobSquare.app */ = {isa = PBXFileReference; explicitFileType = wrapper.application; includeInIndex = 0; path = jobSquare.app; sourceTree = BUILT_PRODUCTS_DIR; };
		F11C931519CD598600AAFA9D /* Info.plist */ = {isa = PBXFileReference; lastKnownFileType = text.plist.xml; path = Info.plist; sourceTree = "<group>"; };
		F11C931619CD598600AAFA9D /* main.m */ = {isa = PBXFileReference; lastKnownFileType = sourcecode.c.objc; path = main.m; sourceTree = "<group>"; };
		F11C931819CD598600AAFA9D /* AppDelegate.h */ = {isa = PBXFileReference; lastKnownFileType = sourcecode.c.h; path = AppDelegate.h; sourceTree = "<group>"; };
		F11C931919CD598600AAFA9D /* AppDelegate.m */ = {isa = PBXFileReference; lastKnownFileType = sourcecode.c.objc; path = AppDelegate.m; sourceTree = "<group>"; };
		F11C931B19CD598600AAFA9D /* JSLoginViewController.h */ = {isa = PBXFileReference; lastKnownFileType = sourcecode.c.h; path = JSLoginViewController.h; sourceTree = "<group>"; };
		F11C931C19CD598600AAFA9D /* JSLoginViewController.m */ = {isa = PBXFileReference; lastKnownFileType = sourcecode.c.objc; path = JSLoginViewController.m; sourceTree = "<group>"; };
		F11C932119CD598600AAFA9D /* Images.xcassets */ = {isa = PBXFileReference; lastKnownFileType = folder.assetcatalog; path = Images.xcassets; sourceTree = "<group>"; };
		F11C932419CD598600AAFA9D /* Base */ = {isa = PBXFileReference; lastKnownFileType = file.xib; name = Base; path = Base.lproj/LaunchScreen.xib; sourceTree = "<group>"; };
		F11C932A19CD598600AAFA9D /* jobSquareTests.xctest */ = {isa = PBXFileReference; explicitFileType = wrapper.cfbundle; includeInIndex = 0; path = jobSquareTests.xctest; sourceTree = BUILT_PRODUCTS_DIR; };
		F11C932F19CD598600AAFA9D /* Info.plist */ = {isa = PBXFileReference; lastKnownFileType = text.plist.xml; path = Info.plist; sourceTree = "<group>"; };
		F11C933019CD598600AAFA9D /* jobSquareTests.m */ = {isa = PBXFileReference; lastKnownFileType = sourcecode.c.objc; path = jobSquareTests.m; sourceTree = "<group>"; };
/* End PBXFileReference section */

/* Begin PBXFrameworksBuildPhase section */
		F11C930E19CD598600AAFA9D /* Frameworks */ = {
			isa = PBXFrameworksBuildPhase;
			buildActionMask = 2147483647;
			files = (
			);
			runOnlyForDeploymentPostprocessing = 0;
		};
		F11C932719CD598600AAFA9D /* Frameworks */ = {
			isa = PBXFrameworksBuildPhase;
			buildActionMask = 2147483647;
			files = (
			);
			runOnlyForDeploymentPostprocessing = 0;
		};
/* End PBXFrameworksBuildPhase section */

/* Begin PBXGroup section */
		F11C930819CD598600AAFA9D = {
			isa = PBXGroup;
			children = (
				F11C931319CD598600AAFA9D /* jobSquare */,
				F11C932D19CD598600AAFA9D /* jobSquareTests */,
				F11C931219CD598600AAFA9D /* Products */,
			);
			sourceTree = "<group>";
		};
		F11C931219CD598600AAFA9D /* Products */ = {
			isa = PBXGroup;
			children = (
				F11C931119CD598600AAFA9D /* jobSquare.app */,
				F11C932A19CD598600AAFA9D /* jobSquareTests.xctest */,
			);
			name = Products;
			sourceTree = "<group>";
		};
		F11C931319CD598600AAFA9D /* jobSquare */ = {
			isa = PBXGroup;
			children = (
				F11C931819CD598600AAFA9D /* AppDelegate.h */,
				F11C931919CD598600AAFA9D /* AppDelegate.m */,
				F11C931B19CD598600AAFA9D /* JSLoginViewController.h */,
				F11C931C19CD598600AAFA9D /* JSLoginViewController.m */,
				F11C932119CD598600AAFA9D /* Images.xcassets */,
				F11C932319CD598600AAFA9D /* LaunchScreen.xib */,
				F11C931419CD598600AAFA9D /* Supporting Files */,
			);
			path = jobSquare;
			sourceTree = "<group>";
		};
		F11C931419CD598600AAFA9D /* Supporting Files */ = {
			isa = PBXGroup;
			children = (
				F11C931519CD598600AAFA9D /* Info.plist */,
				F11C931619CD598600AAFA9D /* main.m */,
			);
			name = "Supporting Files";
			sourceTree = "<group>";
		};
		F11C932D19CD598600AAFA9D /* jobSquareTests */ = {
			isa = PBXGroup;
			children = (
				F11C933019CD598600AAFA9D /* jobSquareTests.m */,
				F11C932E19CD598600AAFA9D /* Supporting Files */,
			);
			path = jobSquareTests;
			sourceTree = "<group>";
		};
		F11C932E19CD598600AAFA9D /* Supporting Files */ = {
			isa = PBXGroup;
			children = (
				F11C932F19CD598600AAFA9D /* Info.plist */,
			);
			name = "Supporting Files";
			sourceTree = "<group>";
		};
/* End PBXGroup section */

/* Begin PBXNativeTarget section */
		F11C931019CD598600AAFA9D /* jobSquare */ = {
			isa = PBXNativeTarget;
			buildConfigurationList = F11C933419CD598600AAFA9D /* Build configuration list for PBXNativeTarget "jobSquare" */;
			buildPhases = (
				F11C930D19CD598600AAFA9D /* Sources */,
				F11C930E19CD598600AAFA9D /* Frameworks */,
				F11C930F19CD598600AAFA9D /* Resources */,
			);
			buildRules = (
			);
			dependencies = (
			);
			name = jobSquare;
			productName = jobSquare;
			productReference = F11C931119CD598600AAFA9D /* jobSquare.app */;
			productType = "com.apple.product-type.application";
		};
		F11C932919CD598600AAFA9D /* jobSquareTests */ = {
			isa = PBXNativeTarget;
			buildConfigurationList = F11C933719CD598600AAFA9D /* Build configuration list for PBXNativeTarget "jobSquareTests" */;
			buildPhases = (
				F11C932619CD598600AAFA9D /* Sources */,
				F11C932719CD598600AAFA9D /* Frameworks */,
				F11C932819CD598600AAFA9D /* Resources */,
			);
			buildRules = (
			);
			dependencies = (
				F11C932C19CD598600AAFA9D /* PBXTargetDependency */,
			);
			name = jobSquareTests;
			productName = jobSquareTests;
			productReference = F11C932A19CD598600AAFA9D /* jobSquareTests.xctest */;
			productType = "com.apple.product-type.bundle.unit-test";
		};
/* End PBXNativeTarget section */

/* Begin PBXProject section */
		F11C930919CD598600AAFA9D /* Project object */ = {
			isa = PBXProject;
			attributes = {
				LastUpgradeCheck = 0600;
				ORGANIZATIONNAME = Givery;
				TargetAttributes = {
					F11C931019CD598600AAFA9D = {
						CreatedOnToolsVersion = 6.0.1;
					};
					F11C932919CD598600AAFA9D = {
						CreatedOnToolsVersion = 6.0.1;
						TestTargetID = F11C931019CD598600AAFA9D;
					};
				};
			};
			buildConfigurationList = F11C930C19CD598600AAFA9D /* Build configuration list for PBXProject "jobSquare" */;
			compatibilityVersion = "Xcode 3.2";
			developmentRegion = English;
			hasScannedForEncodings = 0;
			knownRegions = (
				en,
				Base,
			);
			mainGroup = F11C930819CD598600AAFA9D;
			productRefGroup = F11C931219CD598600AAFA9D /* Products */;
			projectDirPath = "";
			projectRoot = "";
			targets = (
				F11C931019CD598600AAFA9D /* jobSquare */,
				F11C932919CD598600AAFA9D /* jobSquareTests */,
			);
		};
/* End PBXProject section */

/* Begin PBXResourcesBuildPhase section */
		F11C930F19CD598600AAFA9D /* Resources */ = {
			isa = PBXResourcesBuildPhase;
			buildActionMask = 2147483647;
			files = (
				F11C932519CD598600AAFA9D /* LaunchScreen.xib in Resources */,
				F11C932219CD598600AAFA9D /* Images.xcassets in Resources */,
			);
			runOnlyForDeploymentPostprocessing = 0;
		};
		F11C932819CD598600AAFA9D /* Resources */ = {
			isa = PBXResourcesBuildPhase;
			buildActionMask = 2147483647;
			files = (
			);
			runOnlyForDeploymentPostprocessing = 0;
		};
/* End PBXResourcesBuildPhase section */

/* Begin PBXSourcesBuildPhase section */
		F11C930D19CD598600AAFA9D /* Sources */ = {
			isa = PBXSourcesBuildPhase;
			buildActionMask = 2147483647;
			files = (
				F11C931D19CD598600AAFA9D /* JSLoginViewController.m in Sources */,
				F11C931A19CD598600AAFA9D /* AppDelegate.m in Sources */,
				F11C931719CD598600AAFA9D /* main.m in Sources */,
			);
			runOnlyForDeploymentPostprocessing = 0;
		};
		F11C932619CD598600AAFA9D /* Sources */ = {
			isa = PBXSourcesBuildPhase;
			buildActionMask = 2147483647;
			files = (
				F11C933119CD598600AAFA9D /* jobSquareTests.m in Sources */,
			);
			runOnlyForDeploymentPostprocessing = 0;
		};
/* End PBXSourcesBuildPhase section */

/* Begin PBXTargetDependency section */
		F11C932C19CD598600AAFA9D /* PBXTargetDependency */ = {
			isa = PBXTargetDependency;
			target = F11C931019CD598600AAFA9D /* jobSquare */;
			targetProxy = F11C932B19CD598600AAFA9D /* PBXContainerItemProxy */;
		};
/* End PBXTargetDependency section */

/* Begin PBXVariantGroup section */
		F11C932319CD598600AAFA9D /* LaunchScreen.xib */ = {
			isa = PBXVariantGroup;
			children = (
				F11C932419CD598600AAFA9D /* Base */,
			);
			name = LaunchScreen.xib;
			sourceTree = "<group>";
		};
/* End PBXVariantGroup section */

/* Begin XCBuildConfiguration section */
		F11C933219CD598600AAFA9D /* Debug */ = {
			isa = XCBuildConfiguration;
			buildSettings = {
				ALWAYS_SEARCH_USER_PATHS = NO;
				CLANG_CXX_LANGUAGE_STANDARD = "gnu++0x";
				CLANG_CXX_LIBRARY = "libc++";
				CLANG_ENABLE_MODULES = YES;
				CLANG_ENABLE_OBJC_ARC = YES;
				CLANG_WARN_BOOL_CONVERSION = YES;
				CLANG_WARN_CONSTANT_CONVERSION = YES;
				CLANG_WARN_DIRECT_OBJC_ISA_USAGE = YES_ERROR;
				CLANG_WARN_EMPTY_BODY = YES;
				CLANG_WARN_ENUM_CONVERSION = YES;
				CLANG_WARN_INT_CONVERSION = YES;
				CLANG_WARN_OBJC_ROOT_CLASS = YES_ERROR;
				CLANG_WARN_UNREACHABLE_CODE = YES;
				CLANG_WARN__DUPLICATE_METHOD_MATCH = YES;
				"CODE_SIGN_IDENTITY[sdk=iphoneos*]" = "iPhone Developer";
				COPY_PHASE_STRIP = NO;
				ENABLE_STRICT_OBJC_MSGSEND = YES;
				GCC_C_LANGUAGE_STANDARD = gnu99;
				GCC_DYNAMIC_NO_PIC = NO;
				GCC_OPTIMIZATION_LEVEL = 0;
				GCC_PREPROCESSOR_DEFINITIONS = (
					"DEBUG=1",
					"$(inherited)",
				);
				GCC_SYMBOLS_PRIVATE_EXTERN = NO;
				GCC_WARN_64_TO_32_BIT_CONVERSION = YES;
				GCC_WARN_ABOUT_RETURN_TYPE = YES_ERROR;
				GCC_WARN_UNDECLARED_SELECTOR = YES;
				GCC_WARN_UNINITIALIZED_AUTOS = YES_AGGRESSIVE;
				GCC_WARN_UNUSED_FUNCTION = YES;
				GCC_WARN_UNUSED_VARIABLE = YES;
				IPHONEOS_DEPLOYMENT_TARGET = 8.0;
				MTL_ENABLE_DEBUG_INFO = YES;
				ONLY_ACTIVE_ARCH = YES;
				SDKROOT = iphoneos;
			};
			name = Debug;
		};
		F11C933319CD598600AAFA9D /* Release */ = {
			isa = XCBuildConfiguration;
			buildSettings = {
				ALWAYS_SEARCH_USER_PATHS = NO;
				CLANG_CXX_LANGUAGE_STANDARD = "gnu++0x";
				CLANG_CXX_LIBRARY = "libc++";
				CLANG_ENABLE_MODULES = YES;
				CLANG_ENABLE_OBJC_ARC = YES;
				CLANG_WARN_BOOL_CONVERSION = YES;
				CLANG_WARN_CONSTANT_CONVERSION = YES;
				CLANG_WARN_DIRECT_OBJC_ISA_USAGE = YES_ERROR;
				CLANG_WARN_EMPTY_BODY = YES;
				CLANG_WARN_ENUM_CONVERSION = YES;
				CLANG_WARN_INT_CONVERSION = YES;
				CLANG_WARN_OBJC_ROOT_CLASS = YES_ERROR;
				CLANG_WARN_UNREACHABLE_CODE = YES;
				CLANG_WARN__DUPLICATE_METHOD_MATCH = YES;
				"CODE_SIGN_IDENTITY[sdk=iphoneos*]" = "iPhone Developer";
				COPY_PHASE_STRIP = YES;
				ENABLE_NS_ASSERTIONS = NO;
				ENABLE_STRICT_OBJC_MSGSEND = YES;
				GCC_C_LANGUAGE_STANDARD = gnu99;
				GCC_WARN_64_TO_32_BIT_CONVERSION = YES;
				GCC_WARN_ABOUT_RETURN_TYPE = YES_ERROR;
				GCC_WARN_UNDECLARED_SELECTOR = YES;
				GCC_WARN_UNINITIALIZED_AUTOS = YES_AGGRESSIVE;
				GCC_WARN_UNUSED_FUNCTION = YES;
				GCC_WARN_UNUSED_VARIABLE = YES;
				IPHONEOS_DEPLOYMENT_TARGET = 8.0;
				MTL_ENABLE_DEBUG_INFO = NO;
				SDKROOT = iphoneos;
				VALIDATE_PRODUCT = YES;
			};
			name = Release;
		};
		F11C933519CD598600AAFA9D /* Debug */ = {
			isa = XCBuildConfiguration;
			buildSettings = {
				ASSETCATALOG_COMPILER_APPICON_NAME = AppIcon;
				INFOPLIST_FILE = jobSquare/Info.plist;
				LD_RUNPATH_SEARCH_PATHS = "$(inherited) @executable_path/Frameworks";
				PRODUCT_NAME = "$(TARGET_NAME)";
			};
			name = Debug;
		};
		F11C933619CD598600AAFA9D /* Release */ = {
			isa = XCBuildConfiguration;
			buildSettings = {
				ASSETCATALOG_COMPILER_APPICON_NAME = AppIcon;
				INFOPLIST_FILE = jobSquare/Info.plist;
				LD_RUNPATH_SEARCH_PATHS = "$(inherited) @executable_path/Frameworks";
				PRODUCT_NAME = "$(TARGET_NAME)";
			};
			name = Release;
		};
		F11C933819CD598600AAFA9D /* Debug */ = {
			isa = XCBuildConfiguration;
			buildSettings = {
				BUNDLE_LOADER = "$(TEST_HOST)";
				FRAMEWORK_SEARCH_PATHS = (
					"$(SDKROOT)/Developer/Library/Frameworks",
					"$(inherited)",
				);
				GCC_PREPROCESSOR_DEFINITIONS = (
					"DEBUG=1",
					"$(inherited)",
				);
				INFOPLIST_FILE = jobSquareTests/Info.plist;
				LD_RUNPATH_SEARCH_PATHS = "$(inherited) @executable_path/Frameworks @loader_path/Frameworks";
				PRODUCT_NAME = "$(TARGET_NAME)";
				TEST_HOST = "$(BUILT_PRODUCTS_DIR)/jobSquare.app/jobSquare";
			};
			name = Debug;
		};
		F11C933919CD598600AAFA9D /* Release */ = {
			isa = XCBuildConfiguration;
			buildSettings = {
				BUNDLE_LOADER = "$(TEST_HOST)";
				FRAMEWORK_SEARCH_PATHS = (
					"$(SDKROOT)/Developer/Library/Frameworks",
					"$(inherited)",
				);
				INFOPLIST_FILE = jobSquareTests/Info.plist;
				LD_RUNPATH_SEARCH_PATHS = "$(inherited) @executable_path/Frameworks @loader_path/Frameworks";
				PRODUCT_NAME = "$(TARGET_NAME)";
				TEST_HOST = "$(BUILT_PRODUCTS_DIR)/jobSquare.app/jobSquare";
			};
			name = Release;
		};
/* End XCBuildConfiguration section */

/* Begin XCConfigurationList section */
		F11C930C19CD598600AAFA9D /* Build configuration list for PBXProject "jobSquare" */ = {
			isa = XCConfigurationList;
			buildConfigurations = (
				F11C933219CD598600AAFA9D /* Debug */,
				F11C933319CD598600AAFA9D /* Release */,
			);
			defaultConfigurationIsVisible = 0;
			defaultConfigurationName = Release;
		};
		F11C933419CD598600AAFA9D /* Build configuration list for PBXNativeTarget "jobSquare" */ = {
			isa = XCConfigurationList;
			buildConfigurations = (
				F11C933519CD598600AAFA9D /* Debug */,
				F11C933619CD598600AAFA9D /* Release */,
			);
			defaultConfigurationIsVisible = 0;
		};
		F11C933719CD598600AAFA9D /* Build configuration list for PBXNativeTarget "jobSquareTests" */ = {
			isa = XCConfigurationList;
			buildConfigurations = (
				F11C933819CD598600AAFA9D /* Debug */,
				F11C933919CD598600AAFA9D /* Release */,
			);
			defaultConfigurationIsVisible = 0;
		};
/* End XCConfigurationList section */
	};
	rootObject = F11C930919CD598600AAFA9D /* Project object */;
}
